// !$*UTF8*$!
{
	archiveVersion = 1;
	classes = {
	};
	objectVersion = 50;
	objects = {

/* Begin PBXBuildFile section */
		B360E0BD268C206E0017B429 /* AppDelegate.swift in Sources */ = {isa = PBXBuildFile; fileRef = B360E0BC268C206E0017B429 /* AppDelegate.swift */; };
		B360E0BF268C206E0017B429 /* SceneDelegate.swift in Sources */ = {isa = PBXBuildFile; fileRef = B360E0BE268C206E0017B429 /* SceneDelegate.swift */; };
		B360E0C1268C206E0017B429 /* ViewController.swift in Sources */ = {isa = PBXBuildFile; fileRef = B360E0C0268C206E0017B429 /* ViewController.swift */; };
		B360E0C4268C206E0017B429 /* Main.storyboard in Resources */ = {isa = PBXBuildFile; fileRef = B360E0C2268C206E0017B429 /* Main.storyboard */; };
		B360E0C6268C20710017B429 /* Assets.xcassets in Resources */ = {isa = PBXBuildFile; fileRef = B360E0C5268C20710017B429 /* Assets.xcassets */; };
		B360E0C9268C20710017B429 /* LaunchScreen.storyboard in Resources */ = {isa = PBXBuildFile; fileRef = B360E0C7268C20710017B429 /* LaunchScreen.storyboard */; };
		B360E0D4268C20710017B429 /* UIImageTests.swift in Sources */ = {isa = PBXBuildFile; fileRef = B360E0D3268C20710017B429 /* UIImageTests.swift */; };
		B360E0DF268C20710017B429 /* UIImageUITests.swift in Sources */ = {isa = PBXBuildFile; fileRef = B360E0DE268C20710017B429 /* UIImageUITests.swift */; };
		B360E0ED268C365A0017B429 /* image.JPG in Resources */ = {isa = PBXBuildFile; fileRef = B360E0EC268C365A0017B429 /* image.JPG */; };
/* End PBXBuildFile section */

/* Begin PBXContainerItemProxy section */
		B360E0D0268C20710017B429 /* PBXContainerItemProxy */ = {
			isa = PBXContainerItemProxy;
			containerPortal = B360E0B1268C206E0017B429 /* Project object */;
			proxyType = 1;
			remoteGlobalIDString = B360E0B8268C206E0017B429;
			remoteInfo = UIImage;
		};
		B360E0DB268C20710017B429 /* PBXContainerItemProxy */ = {
			isa = PBXContainerItemProxy;
			containerPortal = B360E0B1268C206E0017B429 /* Project object */;
			proxyType = 1;
			remoteGlobalIDString = B360E0B8268C206E0017B429;
			remoteInfo = UIImage;
		};
/* End PBXContainerItemProxy section */

/* Begin PBXFileReference section */
		B360E0B9268C206E0017B429 /* UIImage.app */ = {isa = PBXFileReference; explicitFileType = wrapper.application; includeInIndex = 0; path = UIImage.app; sourceTree = BUILT_PRODUCTS_DIR; };
		B360E0BC268C206E0017B429 /* AppDelegate.swift */ = {isa = PBXFileReference; lastKnownFileType = sourcecode.swift; path = AppDelegate.swift; sourceTree = "<group>"; };
		B360E0BE268C206E0017B429 /* SceneDelegate.swift */ = {isa = PBXFileReference; lastKnownFileType = sourcecode.swift; path = SceneDelegate.swift; sourceTree = "<group>"; };
		B360E0C0268C206E0017B429 /* ViewController.swift */ = {isa = PBXFileReference; lastKnownFileType = sourcecode.swift; path = ViewController.swift; sourceTree = "<group>"; };
		B360E0C3268C206E0017B429 /* Base */ = {isa = PBXFileReference; lastKnownFileType = file.storyboard; name = Base; path = Base.lproj/Main.storyboard; sourceTree = "<group>"; };
		B360E0C5268C20710017B429 /* Assets.xcassets */ = {isa = PBXFileReference; lastKnownFileType = folder.assetcatalog; path = Assets.xcassets; sourceTree = "<group>"; };
		B360E0C8268C20710017B429 /* Base */ = {isa = PBXFileReference; lastKnownFileType = file.storyboard; name = Base; path = Base.lproj/LaunchScreen.storyboard; sourceTree = "<group>"; };
		B360E0CA268C20710017B429 /* Info.plist */ = {isa = PBXFileReference; lastKnownFileType = text.plist.xml; path = Info.plist; sourceTree = "<group>"; };
		B360E0CF268C20710017B429 /* UIImageTests.xctest */ = {isa = PBXFileReference; explicitFileType = wrapper.cfbundle; includeInIndex = 0; path = UIImageTests.xctest; sourceTree = BUILT_PRODUCTS_DIR; };
		B360E0D3268C20710017B429 /* UIImageTests.swift */ = {isa = PBXFileReference; lastKnownFileType = sourcecode.swift; path = UIImageTests.swift; sourceTree = "<group>"; };
		B360E0D5268C20710017B429 /* Info.plist */ = {isa = PBXFileReference; lastKnownFileType = text.plist.xml; path = Info.plist; sourceTree = "<group>"; };
		B360E0DA268C20710017B429 /* UIImageUITests.xctest */ = {isa = PBXFileReference; explicitFileType = wrapper.cfbundle; includeInIndex = 0; path = UIImageUITests.xctest; sourceTree = BUILT_PRODUCTS_DIR; };
		B360E0DE268C20710017B429 /* UIImageUITests.swift */ = {isa = PBXFileReference; lastKnownFileType = sourcecode.swift; path = UIImageUITests.swift; sourceTree = "<group>"; };
		B360E0E0268C20710017B429 /* Info.plist */ = {isa = PBXFileReference; lastKnownFileType = text.plist.xml; path = Info.plist; sourceTree = "<group>"; };
		B360E0EC268C365A0017B429 /* image.JPG */ = {isa = PBXFileReference; lastKnownFileType = image.jpeg; path = image.JPG; sourceTree = "<group>"; };
/* End PBXFileReference section */

/* Begin PBXFrameworksBuildPhase section */
		B360E0B6268C206E0017B429 /* Frameworks */ = {
			isa = PBXFrameworksBuildPhase;
			buildActionMask = 2147483647;
			files = (
			);
			runOnlyForDeploymentPostprocessing = 0;
		};
		B360E0CC268C20710017B429 /* Frameworks */ = {
			isa = PBXFrameworksBuildPhase;
			buildActionMask = 2147483647;
			files = (
			);
			runOnlyForDeploymentPostprocessing = 0;
		};
		B360E0D7268C20710017B429 /* Frameworks */ = {
			isa = PBXFrameworksBuildPhase;
			buildActionMask = 2147483647;
			files = (
			);
			runOnlyForDeploymentPostprocessing = 0;
		};
/* End PBXFrameworksBuildPhase section */

/* Begin PBXGroup section */
		B360E0B0268C206E0017B429 = {
			isa = PBXGroup;
			children = (
				B360E0BB268C206E0017B429 /* UIImage */,
				B360E0D2268C20710017B429 /* UIImageTests */,
				B360E0DD268C20710017B429 /* UIImageUITests */,
				B360E0BA268C206E0017B429 /* Products */,
			);
			sourceTree = "<group>";
		};
		B360E0BA268C206E0017B429 /* Products */ = {
			isa = PBXGroup;
			children = (
				B360E0B9268C206E0017B429 /* UIImage.app */,
				B360E0CF268C20710017B429 /* UIImageTests.xctest */,
				B360E0DA268C20710017B429 /* UIImageUITests.xctest */,
			);
			name = Products;
			sourceTree = "<group>";
		};
		B360E0BB268C206E0017B429 /* UIImage */ = {
			isa = PBXGroup;
			children = (
				B360E0BC268C206E0017B429 /* AppDelegate.swift */,
				B360E0BE268C206E0017B429 /* SceneDelegate.swift */,
				B360E0C0268C206E0017B429 /* ViewController.swift */,
				B360E0C2268C206E0017B429 /* Main.storyboard */,
				B360E0C5268C20710017B429 /* Assets.xcassets */,
				B360E0EC268C365A0017B429 /* image.JPG */,
				B360E0C7268C20710017B429 /* LaunchScreen.storyboard */,
				B360E0CA268C20710017B429 /* Info.plist */,
			);
			path = UIImage;
			sourceTree = "<group>";
		};
		B360E0D2268C20710017B429 /* UIImageTests */ = {
			isa = PBXGroup;
			children = (
				B360E0D3268C20710017B429 /* UIImageTests.swift */,
				B360E0D5268C20710017B429 /* Info.plist */,
			);
			path = UIImageTests;
			sourceTree = "<group>";
		};
		B360E0DD268C20710017B429 /* UIImageUITests */ = {
			isa = PBXGroup;
			children = (
				B360E0DE268C20710017B429 /* UIImageUITests.swift */,
				B360E0E0268C20710017B429 /* Info.plist */,
			);
			path = UIImageUITests;
			sourceTree = "<group>";
		};
/* End PBXGroup section */

/* Begin PBXNativeTarget section */
		B360E0B8268C206E0017B429 /* UIImage */ = {
			isa = PBXNativeTarget;
			buildConfigurationList = B360E0E3268C20710017B429 /* Build configuration list for PBXNativeTarget "UIImage" */;
			buildPhases = (
				B360E0B5268C206E0017B429 /* Sources */,
				B360E0B6268C206E0017B429 /* Frameworks */,
				B360E0B7268C206E0017B429 /* Resources */,
			);
			buildRules = (
			);
			dependencies = (
			);
			name = UIImage;
			productName = UIImage;
			productReference = B360E0B9268C206E0017B429 /* UIImage.app */;
			productType = "com.apple.product-type.application";
		};
		B360E0CE268C20710017B429 /* UIImageTests */ = {
			isa = PBXNativeTarget;
			buildConfigurationList = B360E0E6268C20710017B429 /* Build configuration list for PBXNativeTarget "UIImageTests" */;
			buildPhases = (
				B360E0CB268C20710017B429 /* Sources */,
				B360E0CC268C20710017B429 /* Frameworks */,
				B360E0CD268C20710017B429 /* Resources */,
			);
			buildRules = (
			);
			dependencies = (
				B360E0D1268C20710017B429 /* PBXTargetDependency */,
			);
			name = UIImageTests;
			productName = UIImageTests;
			productReference = B360E0CF268C20710017B429 /* UIImageTests.xctest */;
			productType = "com.apple.product-type.bundle.unit-test";
		};
		B360E0D9268C20710017B429 /* UIImageUITests */ = {
			isa = PBXNativeTarget;
			buildConfigurationList = B360E0E9268C20710017B429 /* Build configuration list for PBXNativeTarget "UIImageUITests" */;
			buildPhases = (
				B360E0D6268C20710017B429 /* Sources */,
				B360E0D7268C20710017B429 /* Frameworks */,
				B360E0D8268C20710017B429 /* Resources */,
			);
			buildRules = (
			);
			dependencies = (
				B360E0DC268C20710017B429 /* PBXTargetDependency */,
			);
			name = UIImageUITests;
			productName = UIImageUITests;
			productReference = B360E0DA268C20710017B429 /* UIImageUITests.xctest */;
			productType = "com.apple.product-type.bundle.ui-testing";
		};
/* End PBXNativeTarget section */

/* Begin PBXProject section */
		B360E0B1268C206E0017B429 /* Project object */ = {
			isa = PBXProject;
			attributes = {
				LastSwiftUpdateCheck = 1250;
				LastUpgradeCheck = 1250;
				TargetAttributes = {
					B360E0B8268C206E0017B429 = {
						CreatedOnToolsVersion = 12.5.1;
					};
					B360E0CE268C20710017B429 = {
						CreatedOnToolsVersion = 12.5.1;
						TestTargetID = B360E0B8268C206E0017B429;
					};
					B360E0D9268C20710017B429 = {
						CreatedOnToolsVersion = 12.5.1;
						TestTargetID = B360E0B8268C206E0017B429;
					};
				};
			};
			buildConfigurationList = B360E0B4268C206E0017B429 /* Build configuration list for PBXProject "UIImage" */;
			compatibilityVersion = "Xcode 9.3";
			developmentRegion = en;
			hasScannedForEncodings = 0;
			knownRegions = (
				en,
				Base,
			);
			mainGroup = B360E0B0268C206E0017B429;
			productRefGroup = B360E0BA268C206E0017B429 /* Products */;
			projectDirPath = "";
			projectRoot = "";
			targets = (
				B360E0B8268C206E0017B429 /* UIImage */,
				B360E0CE268C20710017B429 /* UIImageTests */,
				B360E0D9268C20710017B429 /* UIImageUITests */,
			);
		};
/* End PBXProject section */

/* Begin PBXResourcesBuildPhase section */
		B360E0B7268C206E0017B429 /* Resources */ = {
			isa = PBXResourcesBuildPhase;
			buildActionMask = 2147483647;
			files = (
				B360E0C9268C20710017B429 /* LaunchScreen.storyboard in Resources */,
				B360E0C6268C20710017B429 /* Assets.xcassets in Resources */,
				B360E0ED268C365A0017B429 /* image.JPG in Resources */,
				B360E0C4268C206E0017B429 /* Main.storyboard in Resources */,
			);
			runOnlyForDeploymentPostprocessing = 0;
		};
		B360E0CD268C20710017B429 /* Resources */ = {
			isa = PBXResourcesBuildPhase;
			buildActionMask = 2147483647;
			files = (
			);
			runOnlyForDeploymentPostprocessing = 0;
		};
		B360E0D8268C20710017B429 /* Resources */ = {
			isa = PBXResourcesBuildPhase;
			buildActionMask = 2147483647;
			files = (
			);
			runOnlyForDeploymentPostprocessing = 0;
		};
/* End PBXResourcesBuildPhase section */

/* Begin PBXSourcesBuildPhase section */
		B360E0B5268C206E0017B429 /* Sources */ = {
			isa = PBXSourcesBuildPhase;
			buildActionMask = 2147483647;
			files = (
				B360E0C1268C206E0017B429 /* ViewController.swift in Sources */,
				B360E0BD268C206E0017B429 /* AppDelegate.swift in Sources */,
				B360E0BF268C206E0017B429 /* SceneDelegate.swift in Sources */,
			);
			runOnlyForDeploymentPostprocessing = 0;
		};
		B360E0CB268C20710017B429 /* Sources */ = {
			isa = PBXSourcesBuildPhase;
			buildActionMask = 2147483647;
			files = (
				B360E0D4268C20710017B429 /* UIImageTests.swift in Sources */,
			);
			runOnlyForDeploymentPostprocessing = 0;
		};
		B360E0D6268C20710017B429 /* Sources */ = {
			isa = PBXSourcesBuildPhase;
			buildActionMask = 2147483647;
			files = (
				B360E0DF268C20710017B429 /* UIImageUITests.swift in Sources */,
			);
			runOnlyForDeploymentPostprocessing = 0;
		};
/* End PBXSourcesBuildPhase section */

/* Begin PBXTargetDependency section */
		B360E0D1268C20710017B429 /* PBXTargetDependency */ = {
			isa = PBXTargetDependency;
			target = B360E0B8268C206E0017B429 /* UIImage */;
			targetProxy = B360E0D0268C20710017B429 /* PBXContainerItemProxy */;
		};
		B360E0DC268C20710017B429 /* PBXTargetDependency */ = {
			isa = PBXTargetDependency;
			target = B360E0B8268C206E0017B429 /* UIImage */;
			targetProxy = B360E0DB268C20710017B429 /* PBXContainerItemProxy */;
		};
/* End PBXTargetDependency section */

/* Begin PBXVariantGroup section */
		B360E0C2268C206E0017B429 /* Main.storyboard */ = {
			isa = PBXVariantGroup;
			children = (
				B360E0C3268C206E0017B429 /* Base */,
			);
			name = Main.storyboard;
			sourceTree = "<group>";
		};
		B360E0C7268C20710017B429 /* LaunchScreen.storyboard */ = {
			isa = PBXVariantGroup;
			children = (
				B360E0C8268C20710017B429 /* Base */,
			);
			name = LaunchScreen.storyboard;
			sourceTree = "<group>";
		};
/* End PBXVariantGroup section */

/* Begin XCBuildConfiguration section */
		B360E0E1268C20710017B429 /* Debug */ = {
			isa = XCBuildConfiguration;
			buildSettings = {
				ALWAYS_SEARCH_USER_PATHS = NO;
				CLANG_ANALYZER_NONNULL = YES;
				CLANG_ANALYZER_NUMBER_OBJECT_CONVERSION = YES_AGGRESSIVE;
				CLANG_CXX_LANGUAGE_STANDARD = "gnu++14";
				CLANG_CXX_LIBRARY = "libc++";
				CLANG_ENABLE_MODULES = YES;
				CLANG_ENABLE_OBJC_ARC = YES;
				CLANG_ENABLE_OBJC_WEAK = YES;
				CLANG_WARN_BLOCK_CAPTURE_AUTORELEASING = YES;
				CLANG_WARN_BOOL_CONVERSION = YES;
				CLANG_WARN_COMMA = YES;
				CLANG_WARN_CONSTANT_CONVERSION = YES;
				CLANG_WARN_DEPRECATED_OBJC_IMPLEMENTATIONS = YES;
				CLANG_WARN_DIRECT_OBJC_ISA_USAGE = YES_ERROR;
				CLANG_WARN_DOCUMENTATION_COMMENTS = YES;
				CLANG_WARN_EMPTY_BODY = YES;
				CLANG_WARN_ENUM_CONVERSION = YES;
				CLANG_WARN_INFINITE_RECURSION = YES;
				CLANG_WARN_INT_CONVERSION = YES;
				CLANG_WARN_NON_LITERAL_NULL_CONVERSION = YES;
				CLANG_WARN_OBJC_IMPLICIT_RETAIN_SELF = YES;
				CLANG_WARN_OBJC_LITERAL_CONVERSION = YES;
				CLANG_WARN_OBJC_ROOT_CLASS = YES_ERROR;
				CLANG_WARN_QUOTED_INCLUDE_IN_FRAMEWORK_HEADER = YES;
				CLANG_WARN_RANGE_LOOP_ANALYSIS = YES;
				CLANG_WARN_STRICT_PROTOTYPES = YES;
				CLANG_WARN_SUSPICIOUS_MOVE = YES;
				CLANG_WARN_UNGUARDED_AVAILABILITY = YES_AGGRESSIVE;
				CLANG_WARN_UNREACHABLE_CODE = YES;
				CLANG_WARN__DUPLICATE_METHOD_MATCH = YES;
				COPY_PHASE_STRIP = NO;
				DEBUG_INFORMATION_FORMAT = dwarf;
				ENABLE_STRICT_OBJC_MSGSEND = YES;
				ENABLE_TESTABILITY = YES;
				GCC_C_LANGUAGE_STANDARD = gnu11;
				GCC_DYNAMIC_NO_PIC = NO;
				GCC_NO_COMMON_BLOCKS = YES;
				GCC_OPTIMIZATION_LEVEL = 0;
				GCC_PREPROCESSOR_DEFINITIONS = (
					"DEBUG=1",
					"$(inherited)",
				);
				GCC_WARN_64_TO_32_BIT_CONVERSION = YES;
				GCC_WARN_ABOUT_RETURN_TYPE = YES_ERROR;
				GCC_WARN_UNDECLARED_SELECTOR = YES;
				GCC_WARN_UNINITIALIZED_AUTOS = YES_AGGRESSIVE;
				GCC_WARN_UNUSED_FUNCTION = YES;
				GCC_WARN_UNUSED_VARIABLE = YES;
				IPHONEOS_DEPLOYMENT_TARGET = 14.5;
				MTL_ENABLE_DEBUG_INFO = INCLUDE_SOURCE;
				MTL_FAST_MATH = YES;
				ONLY_ACTIVE_ARCH = YES;
				SDKROOT = iphoneos;
				SWIFT_ACTIVE_COMPILATION_CONDITIONS = DEBUG;
				SWIFT_OPTIMIZATION_LEVEL = "-Onone";
			};
			name = Debug;
		};
		B360E0E2268C20710017B429 /* Release */ = {
			isa = XCBuildConfiguration;
			buildSettings = {
				ALWAYS_SEARCH_USER_PATHS = NO;
				CLANG_ANALYZER_NONNULL = YES;
				CLANG_ANALYZER_NUMBER_OBJECT_CONVERSION = YES_AGGRESSIVE;
				CLANG_CXX_LANGUAGE_STANDARD = "gnu++14";
				CLANG_CXX_LIBRARY = "libc++";
				CLANG_ENABLE_MODULES = YES;
				CLANG_ENABLE_OBJC_ARC = YES;
				CLANG_ENABLE_OBJC_WEAK = YES;
				CLANG_WARN_BLOCK_CAPTURE_AUTORELEASING = YES;
				CLANG_WARN_BOOL_CONVERSION = YES;
				CLANG_WARN_COMMA = YES;
				CLANG_WARN_CONSTANT_CONVERSION = YES;
				CLANG_WARN_DEPRECATED_OBJC_IMPLEMENTATIONS = YES;
				CLANG_WARN_DIRECT_OBJC_ISA_USAGE = YES_ERROR;
				CLANG_WARN_DOCUMENTATION_COMMENTS = YES;
				CLANG_WARN_EMPTY_BODY = YES;
				CLANG_WARN_ENUM_CONVERSION = YES;
				CLANG_WARN_INFINITE_RECURSION = YES;
				CLANG_WARN_INT_CONVERSION = YES;
				CLANG_WARN_NON_LITERAL_NULL_CONVERSION = YES;
				CLANG_WARN_OBJC_IMPLICIT_RETAIN_SELF = YES;
				CLANG_WARN_OBJC_LITERAL_CONVERSION = YES;
				CLANG_WARN_OBJC_ROOT_CLASS = YES_ERROR;
				CLANG_WARN_QUOTED_INCLUDE_IN_FRAMEWORK_HEADER = YES;
				CLANG_WARN_RANGE_LOOP_ANALYSIS = YES;
				CLANG_WARN_STRICT_PROTOTYPES = YES;
				CLANG_WARN_SUSPICIOUS_MOVE = YES;
				CLANG_WARN_UNGUARDED_AVAILABILITY = YES_AGGRESSIVE;
				CLANG_WARN_UNREACHABLE_CODE = YES;
				CLANG_WARN__DUPLICATE_METHOD_MATCH = YES;
				COPY_PHASE_STRIP = NO;
				DEBUG_INFORMATION_FORMAT = "dwarf-with-dsym";
				ENABLE_NS_ASSERTIONS = NO;
				ENABLE_STRICT_OBJC_MSGSEND = YES;
				GCC_C_LANGUAGE_STANDARD = gnu11;
				GCC_NO_COMMON_BLOCKS = YES;
				GCC_WARN_64_TO_32_BIT_CONVERSION = YES;
				GCC_WARN_ABOUT_RETURN_TYPE = YES_ERROR;
				GCC_WARN_UNDECLARED_SELECTOR = YES;
				GCC_WARN_UNINITIALIZED_AUTOS = YES_AGGRESSIVE;
				GCC_WARN_UNUSED_FUNCTION = YES;
				GCC_WARN_UNUSED_VARIABLE = YES;
				IPHONEOS_DEPLOYMENT_TARGET = 14.5;
				MTL_ENABLE_DEBUG_INFO = NO;
				MTL_FAST_MATH = YES;
				SDKROOT = iphoneos;
				SWIFT_COMPILATION_MODE = wholemodule;
				SWIFT_OPTIMIZATION_LEVEL = "-O";
				VALIDATE_PRODUCT = YES;
			};
			name = Release;
		};
		B360E0E4268C20710017B429 /* Debug */ = {
			isa = XCBuildConfiguration;
			buildSettings = {
				ASSETCATALOG_COMPILER_APPICON_NAME = AppIcon;
				ASSETCATALOG_COMPILER_GLOBAL_ACCENT_COLOR_NAME = AccentColor;
				CODE_SIGN_STYLE = Automatic;
				DEVELOPMENT_TEAM = 4K2W9X865R;
				INFOPLIST_FILE = UIImage/Info.plist;
				LD_RUNPATH_SEARCH_PATHS = (
					"$(inherited)",
					"@executable_path/Frameworks",
				);
				PRODUCT_BUNDLE_IDENTIFIER = StevenPersion.UIImage;
				PRODUCT_NAME = "$(TARGET_NAME)";
				SWIFT_VERSION = 5.0;
				TARGETED_DEVICE_FAMILY = "1,2";
			};
			name = Debug;
		};
		B360E0E5268C20710017B429 /* Release */ = {
			isa = XCBuildConfiguration;
			buildSettings = {
				ASSETCATALOG_COMPILER_APPICON_NAME = AppIcon;
				ASSETCATALOG_COMPILER_GLOBAL_ACCENT_COLOR_NAME = AccentColor;
				CODE_SIGN_STYLE = Automatic;
				DEVELOPMENT_TEAM = 4K2W9X865R;
				INFOPLIST_FILE = UIImage/Info.plist;
				LD_RUNPATH_SEARCH_PATHS = (
					"$(inherited)",
					"@executable_path/Frameworks",
				);
				PRODUCT_BUNDLE_IDENTIFIER = StevenPersion.UIImage;
				PRODUCT_NAME = "$(TARGET_NAME)";
				SWIFT_VERSION = 5.0;
				TARGETED_DEVICE_FAMILY = "1,2";
			};
			name = Release;
		};
		B360E0E7268C20710017B429 /* Debug */ = {
			isa = XCBuildConfiguration;
			buildSettings = {
				ALWAYS_EMBED_SWIFT_STANDARD_LIBRARIES = YES;
				BUNDLE_LOADER = "$(TEST_HOST)";
				CODE_SIGN_STYLE = Automatic;
				DEVELOPMENT_TEAM = 4K2W9X865R;
				INFOPLIST_FILE = UIImageTests/Info.plist;
				IPHONEOS_DEPLOYMENT_TARGET = 14.5;
				LD_RUNPATH_SEARCH_PATHS = (
					"$(inherited)",
					"@executable_path/Frameworks",
					"@loader_path/Frameworks",
				);
				PRODUCT_BUNDLE_IDENTIFIER = StevenPersion.UIImageTests;
				PRODUCT_NAME = "$(TARGET_NAME)";
				SWIFT_VERSION = 5.0;
				TARGETED_DEVICE_FAMILY = "1,2";
				TEST_HOST = "$(BUILT_PRODUCTS_DIR)/UIImage.app/UIImage";
			};
			name = Debug;
		};
		B360E0E8268C20710017B429 /* Release */ = {
			isa = XCBuildConfiguration;
			buildSettings = {
				ALWAYS_EMBED_SWIFT_STANDARD_LIBRARIES = YES;
				BUNDLE_LOADER = "$(TEST_HOST)";
				CODE_SIGN_STYLE = Automatic;
				DEVELOPMENT_TEAM = 4K2W9X865R;
				INFOPLIST_FILE = UIImageTests/Info.plist;
				IPHONEOS_DEPLOYMENT_TARGET = 14.5;
				LD_RUNPATH_SEARCH_PATHS = (
					"$(inherited)",
					"@executable_path/Frameworks",
					"@loader_path/Frameworks",
				);
				PRODUCT_BUNDLE_IDENTIFIER = StevenPersion.UIImageTests;
				PRODUCT_NAME = "$(TARGET_NAME)";
				SWIFT_VERSION = 5.0;
				TARGETED_DEVICE_FAMILY = "1,2";
				TEST_HOST = "$(BUILT_PRODUCTS_DIR)/UIImage.app/UIImage";
			};
			name = Release;
		};
		B360E0EA268C20710017B429 /* Debug */ = {
			isa = XCBuildConfiguration;
			buildSettings = {
				ALWAYS_EMBED_SWIFT_STANDARD_LIBRARIES = YES;
				CODE_SIGN_STYLE = Automatic;
				DEVELOPMENT_TEAM = 4K2W9X865R;
				INFOPLIST_FILE = UIImageUITests/Info.plist;
				LD_RUNPATH_SEARCH_PATHS = (
					"$(inherited)",
					"@executable_path/Frameworks",
					"@loader_path/Frameworks",
				);
				PRODUCT_BUNDLE_IDENTIFIER = StevenPersion.UIImageUITests;
				PRODUCT_NAME = "$(TARGET_NAME)";
				SWIFT_VERSION = 5.0;
				TARGETED_DEVICE_FAMILY = "1,2";
				TEST_TARGET_NAME = UIImage;
			};
			name = Debug;
		};
		B360E0EB268C20710017B429 /* Release */ = {
			isa = XCBuildConfiguration;
			buildSettings = {
				ALWAYS_EMBED_SWIFT_STANDARD_LIBRARIES = YES;
				CODE_SIGN_STYLE = Automatic;
				DEVELOPMENT_TEAM = 4K2W9X865R;
				INFOPLIST_FILE = UIImageUITests/Info.plist;
				LD_RUNPATH_SEARCH_PATHS = (
					"$(inherited)",
					"@executable_path/Frameworks",
					"@loader_path/Frameworks",
				);
				PRODUCT_BUNDLE_IDENTIFIER = StevenPersion.UIImageUITests;
				PRODUCT_NAME = "$(TARGET_NAME)";
				SWIFT_VERSION = 5.0;
				TARGETED_DEVICE_FAMILY = "1,2";
				TEST_TARGET_NAME = UIImage;
			};
			name = Release;
		};
/* End XCBuildConfiguration section */

/* Begin XCConfigurationList section */
		B360E0B4268C206E0017B429 /* Build configuration list for PBXProject "UIImage" */ = {
			isa = XCConfigurationList;
			buildConfigurations = (
				B360E0E1268C20710017B429 /* Debug */,
				B360E0E2268C20710017B429 /* Release */,
			);
			defaultConfigurationIsVisible = 0;
			defaultConfigurationName = Release;
		};
		B360E0E3268C20710017B429 /* Build configuration list for PBXNativeTarget "UIImage" */ = {
			isa = XCConfigurationList;
			buildConfigurations = (
				B360E0E4268C20710017B429 /* Debug */,
				B360E0E5268C20710017B429 /* Release */,
			);
			defaultConfigurationIsVisible = 0;
			defaultConfigurationName = Release;
		};
		B360E0E6268C20710017B429 /* Build configuration list for PBXNativeTarget "UIImageTests" */ = {
			isa = XCConfigurationList;
			buildConfigurations = (
				B360E0E7268C20710017B429 /* Debug */,
				B360E0E8268C20710017B429 /* Release */,
			);
			defaultConfigurationIsVisible = 0;
			defaultConfigurationName = Release;
		};
		B360E0E9268C20710017B429 /* Build configuration list for PBXNativeTarget "UIImageUITests" */ = {
			isa = XCConfigurationList;
			buildConfigurations = (
				B360E0EA268C20710017B429 /* Debug */,
				B360E0EB268C20710017B429 /* Release */,
			);
			defaultConfigurationIsVisible = 0;
			defaultConfigurationName = Release;
		};
/* End XCConfigurationList section */
	};
	rootObject = B360E0B1268C206E0017B429 /* Project object */;
}
